// !$*UTF8*$!
{
	archiveVersion = 1;
	classes = {
	};
	objectVersion = 48;
	objects = {

/* Begin PBXBuildFile section */
		D71ECAA720565E3C0022BD28 /* AppDelegate.swift in Sources */ = {isa = PBXBuildFile; fileRef = D71ECAA620565E3C0022BD28 /* AppDelegate.swift */; };
		D71ECAA920565E3C0022BD28 /* StartVC.swift in Sources */ = {isa = PBXBuildFile; fileRef = D71ECAA820565E3C0022BD28 /* StartVC.swift */; };
		D71ECAAC20565E3C0022BD28 /* Main.storyboard in Resources */ = {isa = PBXBuildFile; fileRef = D71ECAAA20565E3C0022BD28 /* Main.storyboard */; };
		D71ECAAE20565E3C0022BD28 /* Assets.xcassets in Resources */ = {isa = PBXBuildFile; fileRef = D71ECAAD20565E3C0022BD28 /* Assets.xcassets */; };
		D71ECAB120565E3C0022BD28 /* LaunchScreen.storyboard in Resources */ = {isa = PBXBuildFile; fileRef = D71ECAAF20565E3C0022BD28 /* LaunchScreen.storyboard */; };
		D7984E2520576D1F000B2937 /* NextVC.swift in Sources */ = {isa = PBXBuildFile; fileRef = D7984E2420576D1F000B2937 /* NextVC.swift */; };
		D7984E2720576D2A000B2937 /* LastVC.swift in Sources */ = {isa = PBXBuildFile; fileRef = D7984E2620576D2A000B2937 /* LastVC.swift */; };
		D7984E2920577FBD000B2937 /* Plsyer.swift in Sources */ = {isa = PBXBuildFile; fileRef = D7984E2820577FBD000B2937 /* Plsyer.swift */; };
		D7AE3DCF205661FB00641CEE /* BorderButton.swift in Sources */ = {isa = PBXBuildFile; fileRef = D7AE3DCE205661FB00641CEE /* BorderButton.swift */; };
/* End PBXBuildFile section */

/* Begin PBXFileReference section */
		D71ECAA320565E3C0022BD28 /* swoosh.app */ = {isa = PBXFileReference; explicitFileType = wrapper.application; includeInIndex = 0; path = swoosh.app; sourceTree = BUILT_PRODUCTS_DIR; };
		D71ECAA620565E3C0022BD28 /* AppDelegate.swift */ = {isa = PBXFileReference; lastKnownFileType = sourcecode.swift; path = AppDelegate.swift; sourceTree = "<group>"; };
		D71ECAA820565E3C0022BD28 /* StartVC.swift */ = {isa = PBXFileReference; lastKnownFileType = sourcecode.swift; path = StartVC.swift; sourceTree = "<group>"; };
		D71ECAAB20565E3C0022BD28 /* Base */ = {isa = PBXFileReference; lastKnownFileType = file.storyboard; name = Base; path = Base.lproj/Main.storyboard; sourceTree = "<group>"; };
		D71ECAAD20565E3C0022BD28 /* Assets.xcassets */ = {isa = PBXFileReference; lastKnownFileType = folder.assetcatalog; path = Assets.xcassets; sourceTree = "<group>"; };
		D71ECAB020565E3C0022BD28 /* Base */ = {isa = PBXFileReference; lastKnownFileType = file.storyboard; name = Base; path = Base.lproj/LaunchScreen.storyboard; sourceTree = "<group>"; };
		D71ECAB220565E3C0022BD28 /* Info.plist */ = {isa = PBXFileReference; lastKnownFileType = text.plist.xml; path = Info.plist; sourceTree = "<group>"; };
		D7984E2420576D1F000B2937 /* NextVC.swift */ = {isa = PBXFileReference; lastKnownFileType = sourcecode.swift; path = NextVC.swift; sourceTree = "<group>"; };
		D7984E2620576D2A000B2937 /* LastVC.swift */ = {isa = PBXFileReference; lastKnownFileType = sourcecode.swift; path = LastVC.swift; sourceTree = "<group>"; };
		D7984E2820577FBD000B2937 /* Plsyer.swift */ = {isa = PBXFileReference; lastKnownFileType = sourcecode.swift; path = Plsyer.swift; sourceTree = "<group>"; };
		D7AE3DCE205661FB00641CEE /* BorderButton.swift */ = {isa = PBXFileReference; lastKnownFileType = sourcecode.swift; path = BorderButton.swift; sourceTree = "<group>"; };
/* End PBXFileReference section */

/* Begin PBXFrameworksBuildPhase section */
		D71ECAA020565E3C0022BD28 /* Frameworks */ = {
			isa = PBXFrameworksBuildPhase;
			buildActionMask = 2147483647;
			files = (
			);
			runOnlyForDeploymentPostprocessing = 0;
		};
/* End PBXFrameworksBuildPhase section */

/* Begin PBXGroup section */
		D71ECA9A20565E3C0022BD28 = {
			isa = PBXGroup;
			children = (
				D71ECAA520565E3C0022BD28 /* swoosh */,
				D71ECAA420565E3C0022BD28 /* Products */,
			);
			sourceTree = "<group>";
		};
		D71ECAA420565E3C0022BD28 /* Products */ = {
			isa = PBXGroup;
			children = (
				D71ECAA320565E3C0022BD28 /* swoosh.app */,
			);
			name = Products;
			sourceTree = "<group>";
		};
		D71ECAA520565E3C0022BD28 /* swoosh */ = {
			isa = PBXGroup;
			children = (
				D71ECAA620565E3C0022BD28 /* AppDelegate.swift */,
				D71ECAAA20565E3C0022BD28 /* Main.storyboard */,
				D7984E2320576C85000B2937 /* View Controllers */,
				D71ECAB8205661240022BD28 /* Views */,
				D7984E2220576C80000B2937 /* Model */,
				D71ECAAD20565E3C0022BD28 /* Assets.xcassets */,
				D71ECAAF20565E3C0022BD28 /* LaunchScreen.storyboard */,
				D71ECAB220565E3C0022BD28 /* Info.plist */,
			);
			path = swoosh;
			sourceTree = "<group>";
		};
		D71ECAB8205661240022BD28 /* Views */ = {
			isa = PBXGroup;
			children = (
				D7AE3DCE205661FB00641CEE /* BorderButton.swift */,
			);
			path = Views;
			sourceTree = "<group>";
		};
		D7984E2220576C80000B2937 /* Model */ = {
			isa = PBXGroup;
			children = (
				D7984E2820577FBD000B2937 /* Plsyer.swift */,
			);
			path = Model;
			sourceTree = "<group>";
		};
		D7984E2320576C85000B2937 /* View Controllers */ = {
			isa = PBXGroup;
			children = (
				D71ECAA820565E3C0022BD28 /* StartVC.swift */,
				D7984E2420576D1F000B2937 /* NextVC.swift */,
				D7984E2620576D2A000B2937 /* LastVC.swift */,
			);
			path = "View Controllers";
			sourceTree = "<group>";
		};
/* End PBXGroup section */

/* Begin PBXNativeTarget section */
		D71ECAA220565E3C0022BD28 /* swoosh */ = {
			isa = PBXNativeTarget;
			buildConfigurationList = D71ECAB520565E3C0022BD28 /* Build configuration list for PBXNativeTarget "swoosh" */;
			buildPhases = (
				D71ECA9F20565E3C0022BD28 /* Sources */,
				D71ECAA020565E3C0022BD28 /* Frameworks */,
				D71ECAA120565E3C0022BD28 /* Resources */,
			);
			buildRules = (
			);
			dependencies = (
			);
			name = swoosh;
			productName = swoosh;
			productReference = D71ECAA320565E3C0022BD28 /* swoosh.app */;
			productType = "com.apple.product-type.application";
		};
/* End PBXNativeTarget section */

/* Begin PBXProject section */
		D71ECA9B20565E3C0022BD28 /* Project object */ = {
			isa = PBXProject;
			attributes = {
				LastSwiftUpdateCheck = 0920;
				LastUpgradeCheck = 0920;
				ORGANIZATIONNAME = "Dũng Võ";
				TargetAttributes = {
					D71ECAA220565E3C0022BD28 = {
						CreatedOnToolsVersion = 9.2;
						ProvisioningStyle = Automatic;
					};
				};
			};
			buildConfigurationList = D71ECA9E20565E3C0022BD28 /* Build configuration list for PBXProject "swoosh" */;
			compatibilityVersion = "Xcode 8.0";
			developmentRegion = en;
			hasScannedForEncodings = 0;
			knownRegions = (
				en,
				Base,
			);
			mainGroup = D71ECA9A20565E3C0022BD28;
			productRefGroup = D71ECAA420565E3C0022BD28 /* Products */;
			projectDirPath = "";
			projectRoot = "";
			targets = (
				D71ECAA220565E3C0022BD28 /* swoosh */,
			);
		};
/* End PBXProject section */

/* Begin PBXResourcesBuildPhase section */
		D71ECAA120565E3C0022BD28 /* Resources */ = {
			isa = PBXResourcesBuildPhase;
			buildActionMask = 2147483647;
			files = (
				D71ECAB120565E3C0022BD28 /* LaunchScreen.storyboard in Resources */,
				D71ECAAE20565E3C0022BD28 /* Assets.xcassets in Resources */,
				D71ECAAC20565E3C0022BD28 /* Main.storyboard in Resources */,
			);
			runOnlyForDeploymentPostprocessing = 0;
		};
/* End PBXResourcesBuildPhase section */

/* Begin PBXSourcesBuildPhase section */
		D71ECA9F20565E3C0022BD28 /* Sources */ = {
			isa = PBXSourcesBuildPhase;
			buildActionMask = 2147483647;
			files = (
				D7984E2720576D2A000B2937 /* LastVC.swift in Sources */,
				D71ECAA920565E3C0022BD28 /* StartVC.swift in Sources */,
				D7984E2920577FBD000B2937 /* Plsyer.swift in Sources */,
				D71ECAA720565E3C0022BD28 /* AppDelegate.swift in Sources */,
				D7AE3DCF205661FB00641CEE /* BorderButton.swift in Sources */,
				D7984E2520576D1F000B2937 /* NextVC.swift in Sources */,
			);
			runOnlyForDeploymentPostprocessing = 0;
		};
/* End PBXSourcesBuildPhase section */

/* Begin PBXVariantGroup section */
		D71ECAAA20565E3C0022BD28 /* Main.storyboard */ = {
			isa = PBXVariantGroup;
			children = (
				D71ECAAB20565E3C0022BD28 /* Base */,
			);
			name = Main.storyboard;
			sourceTree = "<group>";
		};
		D71ECAAF20565E3C0022BD28 /* LaunchScreen.storyboard */ = {
			isa = PBXVariantGroup;
			children = (
				D71ECAB020565E3C0022BD28 /* Base */,
			);
			name = LaunchScreen.storyboard;
			sourceTree = "<group>";
		};
/* End PBXVariantGroup section */

/* Begin XCBuildConfiguration section */
		D71ECAB320565E3C0022BD28 /* Debug */ = {
			isa = XCBuildConfiguration;
			buildSettings = {
				ALWAYS_SEARCH_USER_PATHS = NO;
				CLANG_ANALYZER_NONNULL = YES;
				CLANG_ANALYZER_NUMBER_OBJECT_CONVERSION = YES_AGGRESSIVE;
				CLANG_CXX_LANGUAGE_STANDARD = "gnu++14";
				CLANG_CXX_LIBRARY = "libc++";
				CLANG_ENABLE_MODULES = YES;
				CLANG_ENABLE_OBJC_ARC = YES;
				CLANG_WARN_BLOCK_CAPTURE_AUTORELEASING = YES;
				CLANG_WARN_BOOL_CONVERSION = YES;
				CLANG_WARN_COMMA = YES;
				CLANG_WARN_CONSTANT_CONVERSION = YES;
				CLANG_WARN_DIRECT_OBJC_ISA_USAGE = YES_ERROR;
				CLANG_WARN_DOCUMENTATION_COMMENTS = YES;
				CLANG_WARN_EMPTY_BODY = YES;
				CLANG_WARN_ENUM_CONVERSION = YES;
				CLANG_WARN_INFINITE_RECURSION = YES;
				CLANG_WARN_INT_CONVERSION = YES;
				CLANG_WARN_NON_LITERAL_NULL_CONVERSION = YES;
				CLANG_WARN_OBJC_LITERAL_CONVERSION = YES;
				CLANG_WARN_OBJC_ROOT_CLASS = YES_ERROR;
				CLANG_WARN_RANGE_LOOP_ANALYSIS = YES;
				CLANG_WARN_STRICT_PROTOTYPES = YES;
				CLANG_WARN_SUSPICIOUS_MOVE = YES;
				CLANG_WARN_UNGUARDED_AVAILABILITY = YES_AGGRESSIVE;
				CLANG_WARN_UNREACHABLE_CODE = YES;
				CLANG_WARN__DUPLICATE_METHOD_MATCH = YES;
				CODE_SIGN_IDENTITY = "iPhone Developer";
				COPY_PHASE_STRIP = NO;
				DEBUG_INFORMATION_FORMAT = dwarf;
				ENABLE_STRICT_OBJC_MSGSEND = YES;
				ENABLE_TESTABILITY = YES;
				GCC_C_LANGUAGE_STANDARD = gnu11;
				GCC_DYNAMIC_NO_PIC = NO;
				GCC_NO_COMMON_BLOCKS = YES;
				GCC_OPTIMIZATION_LEVEL = 0;
				GCC_PREPROCESSOR_DEFINITIONS = (
					"DEBUG=1",
					"$(inherited)",
				);
				GCC_WARN_64_TO_32_BIT_CONVERSION = YES;
				GCC_WARN_ABOUT_RETURN_TYPE = YES_ERROR;
				GCC_WARN_UNDECLARED_SELECTOR = YES;
				GCC_WARN_UNINITIALIZED_AUTOS = YES_AGGRESSIVE;
				GCC_WARN_UNUSED_FUNCTION = YES;
				GCC_WARN_UNUSED_VARIABLE = YES;
				IPHONEOS_DEPLOYMENT_TARGET = 11.2;
				MTL_ENABLE_DEBUG_INFO = YES;
				ONLY_ACTIVE_ARCH = YES;
				SDKROOT = iphoneos;
				SWIFT_ACTIVE_COMPILATION_CONDITIONS = DEBUG;
				SWIFT_OPTIMIZATION_LEVEL = "-Onone";
			};
			name = Debug;
		};
		D71ECAB420565E3C0022BD28 /* Release */ = {
			isa = XCBuildConfiguration;
			buildSettings = {
				ALWAYS_SEARCH_USER_PATHS = NO;
				CLANG_ANALYZER_NONNULL = YES;
				CLANG_ANALYZER_NUMBER_OBJECT_CONVERSION = YES_AGGRESSIVE;
				CLANG_CXX_LANGUAGE_STANDARD = "gnu++14";
				CLANG_CXX_LIBRARY = "libc++";
				CLANG_ENABLE_MODULES = YES;
				CLANG_ENABLE_OBJC_ARC = YES;
				CLANG_WARN_BLOCK_CAPTURE_AUTORELEASING = YES;
				CLANG_WARN_BOOL_CONVERSION = YES;
				CLANG_WARN_COMMA = YES;
				CLANG_WARN_CONSTANT_CONVERSION = YES;
				CLANG_WARN_DIRECT_OBJC_ISA_USAGE = YES_ERROR;
				CLANG_WARN_DOCUMENTATION_COMMENTS = YES;
				CLANG_WARN_EMPTY_BODY = YES;
				CLANG_WARN_ENUM_CONVERSION = YES;
				CLANG_WARN_INFINITE_RECURSION = YES;
				CLANG_WARN_INT_CONVERSION = YES;
				CLANG_WARN_NON_LITERAL_NULL_CONVERSION = YES;
				CLANG_WARN_OBJC_LITERAL_CONVERSION = YES;
				CLANG_WARN_OBJC_ROOT_CLASS = YES_ERROR;
				CLANG_WARN_RANGE_LOOP_ANALYSIS = YES;
				CLANG_WARN_STRICT_PROTOTYPES = YES;
				CLANG_WARN_SUSPICIOUS_MOVE = YES;
				CLANG_WARN_UNGUARDED_AVAILABILITY = YES_AGGRESSIVE;
				CLANG_WARN_UNREACHABLE_CODE = YES;
				CLANG_WARN__DUPLICATE_METHOD_MATCH = YES;
				CODE_SIGN_IDENTITY = "iPhone Developer";
				COPY_PHASE_STRIP = NO;
				DEBUG_INFORMATION_FORMAT = "dwarf-with-dsym";
				ENABLE_NS_ASSERTIONS = NO;
				ENABLE_STRICT_OBJC_MSGSEND = YES;
				GCC_C_LANGUAGE_STANDARD = gnu11;
				GCC_NO_COMMON_BLOCKS = YES;
				GCC_WARN_64_TO_32_BIT_CONVERSION = YES;
				GCC_WARN_ABOUT_RETURN_TYPE = YES_ERROR;
				GCC_WARN_UNDECLARED_SELECTOR = YES;
				GCC_WARN_UNINITIALIZED_AUTOS = YES_AGGRESSIVE;
				GCC_WARN_UNUSED_FUNCTION = YES;
				GCC_WARN_UNUSED_VARIABLE = YES;
				IPHONEOS_DEPLOYMENT_TARGET = 11.2;
				MTL_ENABLE_DEBUG_INFO = NO;
				SDKROOT = iphoneos;
				SWIFT_OPTIMIZATION_LEVEL = "-Owholemodule";
				VALIDATE_PRODUCT = YES;
			};
			name = Release;
		};
		D71ECAB620565E3C0022BD28 /* Debug */ = {
			isa = XCBuildConfiguration;
			buildSettings = {
				ASSETCATALOG_COMPILER_APPICON_NAME = AppIcon;
				CODE_SIGN_STYLE = Automatic;
				DEVELOPMENT_TEAM = X4RZK7Z7VB;
				INFOPLIST_FILE = swoosh/Info.plist;
				LD_RUNPATH_SEARCH_PATHS = "$(inherited) @executable_path/Frameworks";
				PRODUCT_BUNDLE_IDENTIFIER = com.pos.swoosh;
				PRODUCT_NAME = "$(TARGET_NAME)";
				SWIFT_VERSION = 4.0;
				TARGETED_DEVICE_FAMILY = "1,2";
			};
			name = Debug;
		};
		D71ECAB720565E3C0022BD28 /* Release */ = {
			isa = XCBuildConfiguration;
			buildSettings = {
				ASSETCATALOG_COMPILER_APPICON_NAME = AppIcon;
				CODE_SIGN_STYLE = Automatic;
				DEVELOPMENT_TEAM = X4RZK7Z7VB;
				INFOPLIST_FILE = swoosh/Info.plist;
				LD_RUNPATH_SEARCH_PATHS = "$(inherited) @executable_path/Frameworks";
				PRODUCT_BUNDLE_IDENTIFIER = com.pos.swoosh;
				PRODUCT_NAME = "$(TARGET_NAME)";
				SWIFT_VERSION = 4.0;
				TARGETED_DEVICE_FAMILY = "1,2";
			};
			name = Release;
		};
/* End XCBuildConfiguration section */

/* Begin XCConfigurationList section */
		D71ECA9E20565E3C0022BD28 /* Build configuration list for PBXProject "swoosh" */ = {
			isa = XCConfigurationList;
			buildConfigurations = (
				D71ECAB320565E3C0022BD28 /* Debug */,
				D71ECAB420565E3C0022BD28 /* Release */,
			);
			defaultConfigurationIsVisible = 0;
			defaultConfigurationName = Release;
		};
		D71ECAB520565E3C0022BD28 /* Build configuration list for PBXNativeTarget "swoosh" */ = {
			isa = XCConfigurationList;
			buildConfigurations = (
				D71ECAB620565E3C0022BD28 /* Debug */,
				D71ECAB720565E3C0022BD28 /* Release */,
			);
			defaultConfigurationIsVisible = 0;
			defaultConfigurationName = Release;
		};
/* End XCConfigurationList section */
	};
	rootObject = D71ECA9B20565E3C0022BD28 /* Project object */;
}
